// !$*UTF8*$!
{
	archiveVersion = 1;
	classes = {
	};
	objectVersion = 46;
	objects = {

/* Begin PBXBuildFile section */
		3C6F17271AE042EE007C66F4 /* main.m in Sources */ = {isa = PBXBuildFile; fileRef = 3C6F17261AE042EE007C66F4 /* main.m */; };
		3C6F172A1AE042EE007C66F4 /* AppDelegate.m in Sources */ = {isa = PBXBuildFile; fileRef = 3C6F17291AE042EE007C66F4 /* AppDelegate.m */; };
		3C6F17301AE042EE007C66F4 /* Main.storyboard in Resources */ = {isa = PBXBuildFile; fileRef = 3C6F172E1AE042EE007C66F4 /* Main.storyboard */; };
		3C6F17321AE042EE007C66F4 /* Images.xcassets in Resources */ = {isa = PBXBuildFile; fileRef = 3C6F17311AE042EE007C66F4 /* Images.xcassets */; };
		3C6F17351AE042EE007C66F4 /* LaunchScreen.xib in Resources */ = {isa = PBXBuildFile; fileRef = 3C6F17331AE042EE007C66F4 /* LaunchScreen.xib */; };
		3C6F17411AE042EE007C66F4 /* ToDoListTests.m in Sources */ = {isa = PBXBuildFile; fileRef = 3C6F17401AE042EE007C66F4 /* ToDoListTests.m */; };
		3CC7CD3E1AE152D0002CB1FB /* AddToDoItemViewController.m in Sources */ = {isa = PBXBuildFile; fileRef = 3CC7CD3D1AE152D0002CB1FB /* AddToDoItemViewController.m */; };
		3CC7CD411AE15444002CB1FB /* ToDoListTableViewController.m in Sources */ = {isa = PBXBuildFile; fileRef = 3CC7CD401AE15444002CB1FB /* ToDoListTableViewController.m */; };
/* End PBXBuildFile section */

/* Begin PBXContainerItemProxy section */
		3C6F173B1AE042EE007C66F4 /* PBXContainerItemProxy */ = {
			isa = PBXContainerItemProxy;
			containerPortal = 3C6F17191AE042EE007C66F4 /* Project object */;
			proxyType = 1;
			remoteGlobalIDString = 3C6F17201AE042EE007C66F4;
			remoteInfo = ToDoList;
		};
/* End PBXContainerItemProxy section */

/* Begin PBXFileReference section */
		3C6F17211AE042EE007C66F4 /* ToDoList.app */ = {isa = PBXFileReference; explicitFileType = wrapper.application; includeInIndex = 0; path = ToDoList.app; sourceTree = BUILT_PRODUCTS_DIR; };
		3C6F17251AE042EE007C66F4 /* Info.plist */ = {isa = PBXFileReference; lastKnownFileType = text.plist.xml; path = Info.plist; sourceTree = "<group>"; };
		3C6F17261AE042EE007C66F4 /* main.m */ = {isa = PBXFileReference; lastKnownFileType = sourcecode.c.objc; path = main.m; sourceTree = "<group>"; };
		3C6F17281AE042EE007C66F4 /* AppDelegate.h */ = {isa = PBXFileReference; lastKnownFileType = sourcecode.c.h; path = AppDelegate.h; sourceTree = "<group>"; };
		3C6F17291AE042EE007C66F4 /* AppDelegate.m */ = {isa = PBXFileReference; lastKnownFileType = sourcecode.c.objc; path = AppDelegate.m; sourceTree = "<group>"; };
		3C6F172F1AE042EE007C66F4 /* Base */ = {isa = PBXFileReference; lastKnownFileType = file.storyboard; name = Base; path = Base.lproj/Main.storyboard; sourceTree = "<group>"; };
		3C6F17311AE042EE007C66F4 /* Images.xcassets */ = {isa = PBXFileReference; lastKnownFileType = folder.assetcatalog; path = Images.xcassets; sourceTree = "<group>"; };
		3C6F17341AE042EE007C66F4 /* Base */ = {isa = PBXFileReference; lastKnownFileType = file.xib; name = Base; path = Base.lproj/LaunchScreen.xib; sourceTree = "<group>"; };
		3C6F173A1AE042EE007C66F4 /* ToDoListTests.xctest */ = {isa = PBXFileReference; explicitFileType = wrapper.cfbundle; includeInIndex = 0; path = ToDoListTests.xctest; sourceTree = BUILT_PRODUCTS_DIR; };
		3C6F173F1AE042EE007C66F4 /* Info.plist */ = {isa = PBXFileReference; lastKnownFileType = text.plist.xml; path = Info.plist; sourceTree = "<group>"; };
		3C6F17401AE042EE007C66F4 /* ToDoListTests.m */ = {isa = PBXFileReference; lastKnownFileType = sourcecode.c.objc; path = ToDoListTests.m; sourceTree = "<group>"; };
		3CC7CD3C1AE152D0002CB1FB /* AddToDoItemViewController.h */ = {isa = PBXFileReference; fileEncoding = 4; lastKnownFileType = sourcecode.c.h; name = AddToDoItemViewController.h; path = ../AddToDoItemViewController.h; sourceTree = "<group>"; };
		3CC7CD3D1AE152D0002CB1FB /* AddToDoItemViewController.m */ = {isa = PBXFileReference; fileEncoding = 4; lastKnownFileType = sourcecode.c.objc; name = AddToDoItemViewController.m; path = ../AddToDoItemViewController.m; sourceTree = "<group>"; };
		3CC7CD3F1AE15444002CB1FB /* ToDoListTableViewController.h */ = {isa = PBXFileReference; fileEncoding = 4; lastKnownFileType = sourcecode.c.h; path = ToDoListTableViewController.h; sourceTree = "<group>"; };
		3CC7CD401AE15444002CB1FB /* ToDoListTableViewController.m */ = {isa = PBXFileReference; fileEncoding = 4; lastKnownFileType = sourcecode.c.objc; path = ToDoListTableViewController.m; sourceTree = "<group>"; };
/* End PBXFileReference section */

/* Begin PBXFrameworksBuildPhase section */
		3C6F171E1AE042EE007C66F4 /* Frameworks */ = {
			isa = PBXFrameworksBuildPhase;
			buildActionMask = 2147483647;
			files = (
			);
			runOnlyForDeploymentPostprocessing = 0;
		};
		3C6F17371AE042EE007C66F4 /* Frameworks */ = {
			isa = PBXFrameworksBuildPhase;
			buildActionMask = 2147483647;
			files = (
			);
			runOnlyForDeploymentPostprocessing = 0;
		};
/* End PBXFrameworksBuildPhase section */

/* Begin PBXGroup section */
		3C6F17181AE042EE007C66F4 = {
			isa = PBXGroup;
			children = (
				3C6F17231AE042EE007C66F4 /* ToDoList */,
				3C6F173D1AE042EE007C66F4 /* ToDoListTests */,
				3C6F17221AE042EE007C66F4 /* Products */,
			);
			sourceTree = "<group>";
		};
		3C6F17221AE042EE007C66F4 /* Products */ = {
			isa = PBXGroup;
			children = (
				3C6F17211AE042EE007C66F4 /* ToDoList.app */,
				3C6F173A1AE042EE007C66F4 /* ToDoListTests.xctest */,
			);
			name = Products;
			sourceTree = "<group>";
		};
		3C6F17231AE042EE007C66F4 /* ToDoList */ = {
			isa = PBXGroup;
			children = (
				3CC7CD3C1AE152D0002CB1FB /* AddToDoItemViewController.h */,
				3CC7CD3D1AE152D0002CB1FB /* AddToDoItemViewController.m */,
				3C6F17281AE042EE007C66F4 /* AppDelegate.h */,
				3C6F17291AE042EE007C66F4 /* AppDelegate.m */,
				3C6F172E1AE042EE007C66F4 /* Main.storyboard */,
				3CC7CD3F1AE15444002CB1FB /* ToDoListTableViewController.h */,
				3CC7CD401AE15444002CB1FB /* ToDoListTableViewController.m */,
				3C6F17311AE042EE007C66F4 /* Images.xcassets */,
				3C6F17331AE042EE007C66F4 /* LaunchScreen.xib */,
				3C6F17241AE042EE007C66F4 /* Supporting Files */,
			);
			path = ToDoList;
			sourceTree = "<group>";
		};
		3C6F17241AE042EE007C66F4 /* Supporting Files */ = {
			isa = PBXGroup;
			children = (
				3C6F17251AE042EE007C66F4 /* Info.plist */,
				3C6F17261AE042EE007C66F4 /* main.m */,
			);
			name = "Supporting Files";
			sourceTree = "<group>";
		};
		3C6F173D1AE042EE007C66F4 /* ToDoListTests */ = {
			isa = PBXGroup;
			children = (
				3C6F17401AE042EE007C66F4 /* ToDoListTests.m */,
				3C6F173E1AE042EE007C66F4 /* Supporting Files */,
			);
			path = ToDoListTests;
			sourceTree = "<group>";
		};
		3C6F173E1AE042EE007C66F4 /* Supporting Files */ = {
			isa = PBXGroup;
			children = (
				3C6F173F1AE042EE007C66F4 /* Info.plist */,
			);
			name = "Supporting Files";
			sourceTree = "<group>";
		};
/* End PBXGroup section */

/* Begin PBXNativeTarget section */
		3C6F17201AE042EE007C66F4 /* ToDoList */ = {
			isa = PBXNativeTarget;
			buildConfigurationList = 3C6F17441AE042EE007C66F4 /* Build configuration list for PBXNativeTarget "ToDoList" */;
			buildPhases = (
				3C6F171D1AE042EE007C66F4 /* Sources */,
				3C6F171E1AE042EE007C66F4 /* Frameworks */,
				3C6F171F1AE042EE007C66F4 /* Resources */,
			);
			buildRules = (
			);
			dependencies = (
			);
			name = ToDoList;
			productName = ToDoList;
			productReference = 3C6F17211AE042EE007C66F4 /* ToDoList.app */;
			productType = "com.apple.product-type.application";
		};
		3C6F17391AE042EE007C66F4 /* ToDoListTests */ = {
			isa = PBXNativeTarget;
			buildConfigurationList = 3C6F17471AE042EE007C66F4 /* Build configuration list for PBXNativeTarget "ToDoListTests" */;
			buildPhases = (
				3C6F17361AE042EE007C66F4 /* Sources */,
				3C6F17371AE042EE007C66F4 /* Frameworks */,
				3C6F17381AE042EE007C66F4 /* Resources */,
			);
			buildRules = (
			);
			dependencies = (
				3C6F173C1AE042EE007C66F4 /* PBXTargetDependency */,
			);
			name = ToDoListTests;
			productName = ToDoListTests;
			productReference = 3C6F173A1AE042EE007C66F4 /* ToDoListTests.xctest */;
			productType = "com.apple.product-type.bundle.unit-test";
		};
/* End PBXNativeTarget section */

/* Begin PBXProject section */
		3C6F17191AE042EE007C66F4 /* Project object */ = {
			isa = PBXProject;
			attributes = {
				LastUpgradeCheck = 0610;
				ORGANIZATIONNAME = "Sean Shields";
				TargetAttributes = {
					3C6F17201AE042EE007C66F4 = {
						CreatedOnToolsVersion = 6.1.1;
						DevelopmentTeam = B97SF3DZCF;
					};
					3C6F17391AE042EE007C66F4 = {
						CreatedOnToolsVersion = 6.1.1;
						TestTargetID = 3C6F17201AE042EE007C66F4;
					};
				};
			};
			buildConfigurationList = 3C6F171C1AE042EE007C66F4 /* Build configuration list for PBXProject "ToDoList" */;
			compatibilityVersion = "Xcode 3.2";
			developmentRegion = English;
			hasScannedForEncodings = 0;
			knownRegions = (
				en,
				Base,
			);
			mainGroup = 3C6F17181AE042EE007C66F4;
			productRefGroup = 3C6F17221AE042EE007C66F4 /* Products */;
			projectDirPath = "";
			projectRoot = "";
			targets = (
				3C6F17201AE042EE007C66F4 /* ToDoList */,
				3C6F17391AE042EE007C66F4 /* ToDoListTests */,
			);
		};
/* End PBXProject section */

/* Begin PBXResourcesBuildPhase section */
		3C6F171F1AE042EE007C66F4 /* Resources */ = {
			isa = PBXResourcesBuildPhase;
			buildActionMask = 2147483647;
			files = (
				3C6F17301AE042EE007C66F4 /* Main.storyboard in Resources */,
				3C6F17351AE042EE007C66F4 /* LaunchScreen.xib in Resources */,
				3C6F17321AE042EE007C66F4 /* Images.xcassets in Resources */,
			);
			runOnlyForDeploymentPostprocessing = 0;
		};
		3C6F17381AE042EE007C66F4 /* Resources */ = {
			isa = PBXResourcesBuildPhase;
			buildActionMask = 2147483647;
			files = (
			);
			runOnlyForDeploymentPostprocessing = 0;
		};
/* End PBXResourcesBuildPhase section */

/* Begin PBXSourcesBuildPhase section */
		3C6F171D1AE042EE007C66F4 /* Sources */ = {
			isa = PBXSourcesBuildPhase;
			buildActionMask = 2147483647;
			files = (
				3C6F172A1AE042EE007C66F4 /* AppDelegate.m in Sources */,
				3CC7CD411AE15444002CB1FB /* ToDoListTableViewController.m in Sources */,
				3C6F17271AE042EE007C66F4 /* main.m in Sources */,
				3CC7CD3E1AE152D0002CB1FB /* AddToDoItemViewController.m in Sources */,
			);
			runOnlyForDeploymentPostprocessing = 0;
		};
		3C6F17361AE042EE007C66F4 /* Sources */ = {
			isa = PBXSourcesBuildPhase;
			buildActionMask = 2147483647;
			files = (
				3C6F17411AE042EE007C66F4 /* ToDoListTests.m in Sources */,
			);
			runOnlyForDeploymentPostprocessing = 0;
		};
/* End PBXSourcesBuildPhase section */

/* Begin PBXTargetDependency section */
		3C6F173C1AE042EE007C66F4 /* PBXTargetDependency */ = {
			isa = PBXTargetDependency;
			target = 3C6F17201AE042EE007C66F4 /* ToDoList */;
			targetProxy = 3C6F173B1AE042EE007C66F4 /* PBXContainerItemProxy */;
		};
/* End PBXTargetDependency section */

/* Begin PBXVariantGroup section */
		3C6F172E1AE042EE007C66F4 /* Main.storyboard */ = {
			isa = PBXVariantGroup;
			children = (
				3C6F172F1AE042EE007C66F4 /* Base */,
			);
			name = Main.storyboard;
			sourceTree = "<group>";
		};
		3C6F17331AE042EE007C66F4 /* LaunchScreen.xib */ = {
			isa = PBXVariantGroup;
			children = (
				3C6F17341AE042EE007C66F4 /* Base */,
			);
			name = LaunchScreen.xib;
			sourceTree = "<group>";
		};
/* End PBXVariantGroup section */

/* Begin XCBuildConfiguration section */
		3C6F17421AE042EE007C66F4 /* Debug */ = {
			isa = XCBuildConfiguration;
			buildSettings = {
				ALWAYS_SEARCH_USER_PATHS = NO;
				CLANG_CXX_LANGUAGE_STANDARD = "gnu++0x";
				CLANG_CXX_LIBRARY = "libc++";
				CLANG_ENABLE_MODULES = YES;
				CLANG_ENABLE_OBJC_ARC = YES;
				CLANG_WARN_BOOL_CONVERSION = YES;
				CLANG_WARN_CONSTANT_CONVERSION = YES;
				CLANG_WARN_DIRECT_OBJC_ISA_USAGE = YES_ERROR;
				CLANG_WARN_EMPTY_BODY = YES;
				CLANG_WARN_ENUM_CONVERSION = YES;
				CLANG_WARN_INT_CONVERSION = YES;
				CLANG_WARN_OBJC_ROOT_CLASS = YES_ERROR;
				CLANG_WARN_UNREACHABLE_CODE = YES;
				CLANG_WARN__DUPLICATE_METHOD_MATCH = YES;
				"CODE_SIGN_IDENTITY[sdk=iphoneos*]" = "iPhone Developer";
				COPY_PHASE_STRIP = NO;
				ENABLE_STRICT_OBJC_MSGSEND = YES;
				GCC_C_LANGUAGE_STANDARD = gnu99;
				GCC_DYNAMIC_NO_PIC = NO;
				GCC_OPTIMIZATION_LEVEL = 0;
				GCC_PREPROCESSOR_DEFINITIONS = (
					"DEBUG=1",
					"$(inherited)",
				);
				GCC_SYMBOLS_PRIVATE_EXTERN = NO;
				GCC_WARN_64_TO_32_BIT_CONVERSION = YES;
				GCC_WARN_ABOUT_RETURN_TYPE = YES_ERROR;
				GCC_WARN_UNDECLARED_SELECTOR = YES;
				GCC_WARN_UNINITIALIZED_AUTOS = YES_AGGRESSIVE;
				GCC_WARN_UNUSED_FUNCTION = YES;
				GCC_WARN_UNUSED_VARIABLE = YES;
				IPHONEOS_DEPLOYMENT_TARGET = 8.1;
				MTL_ENABLE_DEBUG_INFO = YES;
				ONLY_ACTIVE_ARCH = YES;
				SDKROOT = iphoneos;
				TARGETED_DEVICE_FAMILY = "1,2";
			};
			name = Debug;
		};
		3C6F17431AE042EE007C66F4 /* Release */ = {
			isa = XCBuildConfiguration;
			buildSettings = {
				ALWAYS_SEARCH_USER_PATHS = NO;
				CLANG_CXX_LANGUAGE_STANDARD = "gnu++0x";
				CLANG_CXX_LIBRARY = "libc++";
				CLANG_ENABLE_MODULES = YES;
				CLANG_ENABLE_OBJC_ARC = YES;
				CLANG_WARN_BOOL_CONVERSION = YES;
				CLANG_WARN_CONSTANT_CONVERSION = YES;
				CLANG_WARN_DIRECT_OBJC_ISA_USAGE = YES_ERROR;
				CLANG_WARN_EMPTY_BODY = YES;
				CLANG_WARN_ENUM_CONVERSION = YES;
				CLANG_WARN_INT_CONVERSION = YES;
				CLANG_WARN_OBJC_ROOT_CLASS = YES_ERROR;
				CLANG_WARN_UNREACHABLE_CODE = YES;
				CLANG_WARN__DUPLICATE_METHOD_MATCH = YES;
				"CODE_SIGN_IDENTITY[sdk=iphoneos*]" = "iPhone Developer";
				COPY_PHASE_STRIP = YES;
				ENABLE_NS_ASSERTIONS = NO;
				ENABLE_STRICT_OBJC_MSGSEND = YES;
				GCC_C_LANGUAGE_STANDARD = gnu99;
				GCC_WARN_64_TO_32_BIT_CONVERSION = YES;
				GCC_WARN_ABOUT_RETURN_TYPE = YES_ERROR;
				GCC_WARN_UNDECLARED_SELECTOR = YES;
				GCC_WARN_UNINITIALIZED_AUTOS = YES_AGGRESSIVE;
				GCC_WARN_UNUSED_FUNCTION = YES;
				GCC_WARN_UNUSED_VARIABLE = YES;
				IPHONEOS_DEPLOYMENT_TARGET = 8.1;
				MTL_ENABLE_DEBUG_INFO = NO;
				SDKROOT = iphoneos;
				TARGETED_DEVICE_FAMILY = "1,2";
				VALIDATE_PRODUCT = YES;
			};
			name = Release;
		};
		3C6F17451AE042EE007C66F4 /* Debug */ = {
			isa = XCBuildConfiguration;
			buildSettings = {
				ASSETCATALOG_COMPILER_APPICON_NAME = AppIcon;
				CODE_SIGN_IDENTITY = "iPhone Developer";
				"CODE_SIGN_IDENTITY[sdk=iphoneos*]" = "iPhone Developer";
				INFOPLIST_FILE = ToDoList/Info.plist;
				LD_RUNPATH_SEARCH_PATHS = "$(inherited) @executable_path/Frameworks";
				PRODUCT_NAME = "$(TARGET_NAME)";
				PROVISIONING_PROFILE = "";
			};
			name = Debug;
		};
		3C6F17461AE042EE007C66F4 /* Release */ = {
			isa = XCBuildConfiguration;
			buildSettings = {
				ASSETCATALOG_COMPILER_APPICON_NAME = AppIcon;
				CODE_SIGN_IDENTITY = "iPhone Developer";
				"CODE_SIGN_IDENTITY[sdk=iphoneos*]" = "iPhone Developer";
				INFOPLIST_FILE = ToDoList/Info.plist;
				LD_RUNPATH_SEARCH_PATHS = "$(inherited) @executable_path/Frameworks";
				PRODUCT_NAME = "$(TARGET_NAME)";
				PROVISIONING_PROFILE = "";
			};
			name = Release;
		};
		3C6F17481AE042EE007C66F4 /* Debug */ = {
			isa = XCBuildConfiguration;
			buildSettings = {
				BUNDLE_LOADER = "$(TEST_HOST)";
				FRAMEWORK_SEARCH_PATHS = (
					"$(SDKROOT)/Developer/Library/Frameworks",
					"$(inherited)",
				);
				GCC_PREPROCESSOR_DEFINITIONS = (
					"DEBUG=1",
					"$(inherited)",
				);
				INFOPLIST_FILE = ToDoListTests/Info.plist;
				LD_RUNPATH_SEARCH_PATHS = "$(inherited) @executable_path/Frameworks @loader_path/Frameworks";
				PRODUCT_NAME = "$(TARGET_NAME)";
				TEST_HOST = "$(BUILT_PRODUCTS_DIR)/ToDoList.app/ToDoList";
			};
			name = Debug;
		};
		3C6F17491AE042EE007C66F4 /* Release */ = {
			isa = XCBuildConfiguration;
			buildSettings = {
				BUNDLE_LOADER = "$(TEST_HOST)";
				FRAMEWORK_SEARCH_PATHS = (
					"$(SDKROOT)/Developer/Library/Frameworks",
					"$(inherited)",
				);
				INFOPLIST_FILE = ToDoListTests/Info.plist;
				LD_RUNPATH_SEARCH_PATHS = "$(inherited) @executable_path/Frameworks @loader_path/Frameworks";
				PRODUCT_NAME = "$(TARGET_NAME)";
				TEST_HOST = "$(BUILT_PRODUCTS_DIR)/ToDoList.app/ToDoList";
			};
			name = Release;
		};
/* End XCBuildConfiguration section */

/* Begin XCConfigurationList section */
		3C6F171C1AE042EE007C66F4 /* Build configuration list for PBXProject "ToDoList" */ = {
			isa = XCConfigurationList;
			buildConfigurations = (
				3C6F17421AE042EE007C66F4 /* Debug */,
				3C6F17431AE042EE007C66F4 /* Release */,
			);
			defaultConfigurationIsVisible = 0;
			defaultConfigurationName = Release;
		};
		3C6F17441AE042EE007C66F4 /* Build configuration list for PBXNativeTarget "ToDoList" */ = {
			isa = XCConfigurationList;
			buildConfigurations = (
				3C6F17451AE042EE007C66F4 /* Debug */,
				3C6F17461AE042EE007C66F4 /* Release */,
			);
			defaultConfigurationIsVisible = 0;
			defaultConfigurationName = Release;
		};
		3C6F17471AE042EE007C66F4 /* Build configuration list for PBXNativeTarget "ToDoListTests" */ = {
			isa = XCConfigurationList;
			buildConfigurations = (
				3C6F17481AE042EE007C66F4 /* Debug */,
				3C6F17491AE042EE007C66F4 /* Release */,
			);
			defaultConfigurationIsVisible = 0;
			defaultConfigurationName = Release;
		};
/* End XCConfigurationList section */
	};
	rootObject = 3C6F17191AE042EE007C66F4 /* Project object */;
}
